
Microsoft Visual Studio Solution File, Format Version 12.00
# Visual Studio Version 16
VisualStudioVersion = 16.0.32929.386
MinimumVisualStudioVersion = 10.0.40219.1
Project("{FAE04EC0-301F-11D3-BF4B-00C04F79EFBC}") = "Frogger", "Frogger\Frogger.csproj", "{4165CEB0-6C54-4BAC-9C5B-4B85399F146E}"
EndProject
Global
	GlobalSection(SolutionConfigurationPlatforms) = preSolution
		Debug|Any CPU = Debug|Any CPU
		Release|Any CPU = Release|Any CPU
	EndGlobalSection
	GlobalSection(ProjectConfigurationPlatforms) = postSolution
		{4165CEB0-6C54-4BAC-9C5B-4B85399F146E}.Debug|Any CPU.ActiveCfg = Debug|Any CPU
		{4165CEB0-6C54-4BAC-9C5B-4B85399F146E}.Debug|Any CPU.Build.0 = Debug|Any CPU
		{4165CEB0-6C54-4BAC-9C5B-4B85399F146E}.Release|Any CPU.ActiveCfg = Release|Any CPU
		{4165CEB0-6C54-4BAC-9C5B-4B85399F146E}.Release|Any CPU.Build.0 = Release|Any CPU
	EndGlobalSection
	GlobalSection(SolutionProperties) = preSolution
		HideSolutionNode = FALSE
	EndGlobalSection
	GlobalSection(ExtensibilityGlobals) = postSolution
		SolutionGuid = {1027B28B-6BA2-4C1F-80B8-41A71A156D8E}
	EndGlobalSection
EndGlobal
